
Microsoft Visual Studio Solution File, Format Version 12.00
# Visual Studio Version 16
VisualStudioVersion = 16.0.30309.148
MinimumVisualStudioVersion = 10.0.40219.1
Project("{9A19103F-16F7-4668-BE54-9A1E7A4F7556}") = "B1_CreateApiSimple", "B1_CreateApiSimple\B1_CreateApiSimple.csproj", "{19340730-C3EE-4467-A7BF-0E5D1513BB01}"
EndProject
Project("{9A19103F-16F7-4668-BE54-9A1E7A4F7556}") = "B2_ResponseFormat", "B2_ResponseFormat\B2_ResponseFormat.csproj", "{43E55D55-ADCA-4A77-BDE2-70245F4737AC}"
EndProject
Project("{9A19103F-16F7-4668-BE54-9A1E7A4F7556}") = "B3_Resources", "B3_Resources\B3_Resources.csproj", "{68E10356-F4CC-48FB-882D-2CC734EF6170}"
EndProject
Project("{9A19103F-16F7-4668-BE54-9A1E7A4F7556}") = "B4_SwaggerConfiguration", "B4_SwaggerConfiguration\B4_SwaggerConfiguration.csproj", "{EF6448E3-3325-42FA-A1D1-E2B22A975F87}"
EndProject
Project("{9A19103F-16F7-4668-BE54-9A1E7A4F7556}") = "B5_ApiTutorial", "B5_ApiTutorial\B5_ApiTutorial.csproj", "{0E4A10F2-0961-4914-A908-B567C431C37E}"
EndProject
Project("{9A19103F-16F7-4668-BE54-9A1E7A4F7556}") = "B6_JWT_JsonWebToken", "B6_JWT_JsonWebToken\B6_JWT_JsonWebToken.csproj", "{EC74488E-63D2-4681-8976-64479323B2A3}"
EndProject
Project("{9A19103F-16F7-4668-BE54-9A1E7A4F7556}") = "B7_ConnectDataBase", "B7_ConnectDataBase\B7_ConnectDataBase.csproj", "{59E7B193-72E0-4C5F-B1FF-1EF46D6B1AEA}"
EndProject
Project("{FAE04EC0-301F-11D3-BF4B-00C04F79EFBC}") = "B8_DownloadingMultipleFiles", "B8_DownloadingMultipleFiles\B8_DownloadingMultipleFiles.csproj", "{5F6A31FB-52D2-4842-8C4A-245E6DC3107F}"
EndProject
Global
	GlobalSection(SolutionConfigurationPlatforms) = preSolution
		Debug|Any CPU = Debug|Any CPU
		Release|Any CPU = Release|Any CPU
	EndGlobalSection
	GlobalSection(ProjectConfigurationPlatforms) = postSolution
		{19340730-C3EE-4467-A7BF-0E5D1513BB01}.Debug|Any CPU.ActiveCfg = Debug|Any CPU
		{19340730-C3EE-4467-A7BF-0E5D1513BB01}.Debug|Any CPU.Build.0 = Debug|Any CPU
		{19340730-C3EE-4467-A7BF-0E5D1513BB01}.Release|Any CPU.ActiveCfg = Release|Any CPU
		{19340730-C3EE-4467-A7BF-0E5D1513BB01}.Release|Any CPU.Build.0 = Release|Any CPU
		{43E55D55-ADCA-4A77-BDE2-70245F4737AC}.Debug|Any CPU.ActiveCfg = Debug|Any CPU
		{43E55D55-ADCA-4A77-BDE2-70245F4737AC}.Debug|Any CPU.Build.0 = Debug|Any CPU
		{43E55D55-ADCA-4A77-BDE2-70245F4737AC}.Release|Any CPU.ActiveCfg = Release|Any CPU
		{43E55D55-ADCA-4A77-BDE2-70245F4737AC}.Release|Any CPU.Build.0 = Release|Any CPU
		{68E10356-F4CC-48FB-882D-2CC734EF6170}.Debug|Any CPU.ActiveCfg = Debug|Any CPU
		{68E10356-F4CC-48FB-882D-2CC734EF6170}.Debug|Any CPU.Build.0 = Debug|Any CPU
		{68E10356-F4CC-48FB-882D-2CC734EF6170}.Release|Any CPU.ActiveCfg = Release|Any CPU
		{68E10356-F4CC-48FB-882D-2CC734EF6170}.Release|Any CPU.Build.0 = Release|Any CPU
		{EF6448E3-3325-42FA-A1D1-E2B22A975F87}.Debug|Any CPU.ActiveCfg = Debug|Any CPU
		{EF6448E3-3325-42FA-A1D1-E2B22A975F87}.Debug|Any CPU.Build.0 = Debug|Any CPU
		{EF6448E3-3325-42FA-A1D1-E2B22A975F87}.Release|Any CPU.ActiveCfg = Release|Any CPU
		{EF6448E3-3325-42FA-A1D1-E2B22A975F87}.Release|Any CPU.Build.0 = Release|Any CPU
		{0E4A10F2-0961-4914-A908-B567C431C37E}.Debug|Any CPU.ActiveCfg = Debug|Any CPU
		{0E4A10F2-0961-4914-A908-B567C431C37E}.Debug|Any CPU.Build.0 = Debug|Any CPU
		{0E4A10F2-0961-4914-A908-B567C431C37E}.Release|Any CPU.ActiveCfg = Release|Any CPU
		{0E4A10F2-0961-4914-A908-B567C431C37E}.Release|Any CPU.Build.0 = Release|Any CPU
		{EC74488E-63D2-4681-8976-64479323B2A3}.Debug|Any CPU.ActiveCfg = Debug|Any CPU
		{EC74488E-63D2-4681-8976-64479323B2A3}.Debug|Any CPU.Build.0 = Debug|Any CPU
		{EC74488E-63D2-4681-8976-64479323B2A3}.Release|Any CPU.ActiveCfg = Release|Any CPU
		{EC74488E-63D2-4681-8976-64479323B2A3}.Release|Any CPU.Build.0 = Release|Any CPU
		{59E7B193-72E0-4C5F-B1FF-1EF46D6B1AEA}.Debug|Any CPU.ActiveCfg = Debug|Any CPU
		{59E7B193-72E0-4C5F-B1FF-1EF46D6B1AEA}.Debug|Any CPU.Build.0 = Debug|Any CPU
		{59E7B193-72E0-4C5F-B1FF-1EF46D6B1AEA}.Release|Any CPU.ActiveCfg = Release|Any CPU
		{59E7B193-72E0-4C5F-B1FF-1EF46D6B1AEA}.Release|Any CPU.Build.0 = Release|Any CPU
		{5F6A31FB-52D2-4842-8C4A-245E6DC3107F}.Debug|Any CPU.ActiveCfg = Debug|Any CPU
		{5F6A31FB-52D2-4842-8C4A-245E6DC3107F}.Debug|Any CPU.Build.0 = Debug|Any CPU
		{5F6A31FB-52D2-4842-8C4A-245E6DC3107F}.Release|Any CPU.ActiveCfg = Release|Any CPU
		{5F6A31FB-52D2-4842-8C4A-245E6DC3107F}.Release|Any CPU.Build.0 = Release|Any CPU
	EndGlobalSection
	GlobalSection(SolutionProperties) = preSolution
		HideSolutionNode = FALSE
	EndGlobalSection
	GlobalSection(ExtensibilityGlobals) = postSolution
		SolutionGuid = {1633651F-6B1C-4CE5-A494-2C6DEE256F9D}
	EndGlobalSection
EndGlobal
